
Microsoft Visual Studio Solution File, Format Version 11.00
# Visual Studio 2010
Project("{FAE04EC0-301F-11D3-BF4B-00C04F79EFBC}") = "UnityEngine.UI", "UnityEngine.UI.csproj", "{F66BA705-FE0D-3DDB-6A27-9F0C9D13BD10}"
EndProject
Project("{FAE04EC0-301F-11D3-BF4B-00C04F79EFBC}") = "Assembly-CSharp-firstpass", "Assembly-CSharp-firstpass.csproj", "{C0C47460-88A3-63FD-DBFA-8929BF7FD112}"
EndProject
Project("{FAE04EC0-301F-11D3-BF4B-00C04F79EFBC}") = "Assembly-CSharp", "Assembly-CSharp.csproj", "{66DAE7CC-4791-C608-4E8D-824F22473673}"
EndProject
Project("{FAE04EC0-301F-11D3-BF4B-00C04F79EFBC}") = "Unity.RenderPipelines.Core.Runtime", "Unity.RenderPipelines.Core.Runtime.csproj", "{CE89AF12-596B-42F5-EF2E-62616D4D33B9}"
EndProject
Project("{FAE04EC0-301F-11D3-BF4B-00C04F79EFBC}") = "UnityEngine.TestRunner", "UnityEngine.TestRunner.csproj", "{03114E10-BF32-B64C-FF71-BF299CBCB06B}"
EndProject
Project("{FAE04EC0-301F-11D3-BF4B-00C04F79EFBC}") = "Unity.Mathematics", "Unity.Mathematics.csproj", "{03F45786-8728-ED40-4D59-40D2871D5033}"
EndProject
Project("{FAE04EC0-301F-11D3-BF4B-00C04F79EFBC}") = "UnityEngine.UI.Tests", "UnityEngine.UI.Tests.csproj", "{B68D1B10-2185-6770-1314-646F54F4CFCB}"
EndProject
Project("{FAE04EC0-301F-11D3-BF4B-00C04F79EFBC}") = "Unity.RenderPipelines.Universal.Runtime", "Unity.RenderPipelines.Universal.Runtime.csproj", "{0926FA5B-F3FA-C43A-9F42-A87435B54CBC}"
EndProject
Project("{FAE04EC0-301F-11D3-BF4B-00C04F79EFBC}") = "Unity.TextMeshPro", "Unity.TextMeshPro.csproj", "{6E9B916B-80C1-439A-8F1F-C3FB556233CE}"
EndProject
Project("{FAE04EC0-301F-11D3-BF4B-00C04F79EFBC}") = "Unity.ProBuilder.Poly2Tri", "Unity.ProBuilder.Poly2Tri.csproj", "{043DF773-6928-D578-52FB-7FC66BA04AB1}"
EndProject
Project("{FAE04EC0-301F-11D3-BF4B-00C04F79EFBC}") = "Unity.RenderPipelines.Universal.Runtime.Tests", "Unity.RenderPipelines.Universal.Runtime.Tests.csproj", "{09FC2EBC-1E6B-C7A4-3762-B11A1735D4F7}"
EndProject
Project("{FAE04EC0-301F-11D3-BF4B-00C04F79EFBC}") = "Unity.Timeline", "Unity.Timeline.csproj", "{356EB721-DADA-02B0-3282-C6C2FDBA1E4F}"
EndProject
Project("{FAE04EC0-301F-11D3-BF4B-00C04F79EFBC}") = "Unity.ProBuilder", "Unity.ProBuilder.csproj", "{BED678E5-114B-79DE-F177-95E67303DF02}"
EndProject
Project("{FAE04EC0-301F-11D3-BF4B-00C04F79EFBC}") = "Unity.ScriptableBuildPipeline", "Unity.ScriptableBuildPipeline.csproj", "{76617718-3CAF-32B7-1E70-36AD1D519E57}"
EndProject
Project("{FAE04EC0-301F-11D3-BF4B-00C04F79EFBC}") = "Unity.RenderPipelines.Core.Runtime.Tests", "Unity.RenderPipelines.Core.Runtime.Tests.csproj", "{4E0C20CD-25F0-A35C-8320-62E30F0C2B60}"
EndProject
Project("{FAE04EC0-301F-11D3-BF4B-00C04F79EFBC}") = "Unity.ProBuilder.Csg", "Unity.ProBuilder.Csg.csproj", "{DB1080B4-476C-18F1-1120-A4E67AE0C3D0}"
EndProject
Project("{FAE04EC0-301F-11D3-BF4B-00C04F79EFBC}") = "Unity.ProBuilder.KdTree", "Unity.ProBuilder.KdTree.csproj", "{4AAE0961-3B4C-2D25-94C0-EEE3CA569FE7}"
EndProject
Project("{FAE04EC0-301F-11D3-BF4B-00C04F79EFBC}") = "Unity.TextMeshPro.Tests", "Unity.TextMeshPro.Tests.csproj", "{DB6AF3DC-073B-FB2B-E2D6-311BA5BDD290}"
EndProject
Project("{FAE04EC0-301F-11D3-BF4B-00C04F79EFBC}") = "Unity.RenderPipelines.Core.ShaderLibrary", "Unity.RenderPipelines.Core.ShaderLibrary.csproj", "{BEDC829F-0D7C-8B29-174A-6C60665C537E}"
EndProject
Project("{FAE04EC0-301F-11D3-BF4B-00C04F79EFBC}") = "Unity.RenderPipeline.Universal.ShaderLibrary", "Unity.RenderPipeline.Universal.ShaderLibrary.csproj", "{CE356B96-32E7-ECC1-CBD8-6D1804A10737}"
EndProject
Project("{FAE04EC0-301F-11D3-BF4B-00C04F79EFBC}") = "Unity.ProBuilder.Stl", "Unity.ProBuilder.Stl.csproj", "{7A1A0946-37D2-6A86-D25B-4AF2ADEBD9BE}"
EndProject
Project("{FAE04EC0-301F-11D3-BF4B-00C04F79EFBC}") = "Unity.RenderPipelines.Universal.Shaders", "Unity.RenderPipelines.Universal.Shaders.csproj", "{E82DD0FA-E567-07A2-1530-C54A91EDDE86}"
EndProject
Project("{FAE04EC0-301F-11D3-BF4B-00C04F79EFBC}") = "Unity.RenderPipelines.ShaderGraph.ShaderGraphLibrary", "Unity.RenderPipelines.ShaderGraph.ShaderGraphLibrary.csproj", "{EADC7F7C-0277-3CA0-9CAB-90F557387FC5}"
EndProject
Project("{FAE04EC0-301F-11D3-BF4B-00C04F79EFBC}") = "Unity.PlasticSCM.Editor", "Unity.PlasticSCM.Editor.csproj", "{BFE22820-D940-675A-A7FD-86836B4B6041}"
EndProject
Project("{FAE04EC0-301F-11D3-BF4B-00C04F79EFBC}") = "Unity.ShaderGraph.Editor", "Unity.ShaderGraph.Editor.csproj", "{149DF11D-B309-18C6-C440-C408D2BDF927}"
EndProject
Project("{FAE04EC0-301F-11D3-BF4B-00C04F79EFBC}") = "Unity.VisualStudio.Editor", "Unity.VisualStudio.Editor.csproj", "{060A7201-F182-D452-F3C8-88887C481195}"
EndProject
Project("{FAE04EC0-301F-11D3-BF4B-00C04F79EFBC}") = "Unity.ProBuilder.Editor", "Unity.ProBuilder.Editor.csproj", "{B5C51801-B3B4-7768-489C-A17ED43C366B}"
EndProject
Project("{FAE04EC0-301F-11D3-BF4B-00C04F79EFBC}") = "Unity.Timeline.Editor", "Unity.Timeline.Editor.csproj", "{217ADD3D-68A1-F79A-A67D-03FC66D4DC5C}"
EndProject
Project("{FAE04EC0-301F-11D3-BF4B-00C04F79EFBC}") = "Unity.ScriptableBuildPipeline.Editor.Tests", "Unity.ScriptableBuildPipeline.Editor.Tests.csproj", "{08DCDFA3-2959-A5BF-37E3-F173C6897278}"
EndProject
Project("{FAE04EC0-301F-11D3-BF4B-00C04F79EFBC}") = "Unity.TextMeshPro.Editor", "Unity.TextMeshPro.Editor.csproj", "{668C03C1-2B8F-40D5-7441-0CFD1CB6B3B3}"
EndProject
Project("{FAE04EC0-301F-11D3-BF4B-00C04F79EFBC}") = "Assembly-CSharp-Editor-firstpass", "Assembly-CSharp-Editor-firstpass.csproj", "{2D136828-A504-4F65-3EA9-316A4DDBED19}"
EndProject
Project("{FAE04EC0-301F-11D3-BF4B-00C04F79EFBC}") = "Unity.CollabProxy.Editor", "Unity.CollabProxy.Editor.csproj", "{C1B34731-69A6-3FF6-CED3-E252976CBC50}"
EndProject
Project("{FAE04EC0-301F-11D3-BF4B-00C04F79EFBC}") = "DocCodeExamples", "DocCodeExamples.csproj", "{69DFCAAF-D832-2EB9-F52D-EAE18AAFEF80}"
EndProject
Project("{FAE04EC0-301F-11D3-BF4B-00C04F79EFBC}") = "UnityEditor.TestRunner", "UnityEditor.TestRunner.csproj", "{68CB51E6-2AE3-B98C-24DF-AB123726A58F}"
EndProject
Project("{FAE04EC0-301F-11D3-BF4B-00C04F79EFBC}") = "Unity.ScriptableBuildPipeline.Editor", "Unity.ScriptableBuildPipeline.Editor.csproj", "{7EA540EC-8F28-5997-04C8-2BEC1537ABDB}"
EndProject
Project("{FAE04EC0-301F-11D3-BF4B-00C04F79EFBC}") = "Unity.RenderPipelines.Universal.Editor", "Unity.RenderPipelines.Universal.Editor.csproj", "{EBD94C04-ADF4-0DA4-88FB-DAD05480DBCD}"
EndProject
Project("{FAE04EC0-301F-11D3-BF4B-00C04F79EFBC}") = "Unity.ShaderGraph.Editor.Tests", "Unity.ShaderGraph.Editor.Tests.csproj", "{080FA9CA-B287-8BF3-D54F-264C039ACA4D}"
EndProject
Project("{FAE04EC0-301F-11D3-BF4B-00C04F79EFBC}") = "Unity.Services.Core.Editor", "Unity.Services.Core.Editor.csproj", "{B4832682-1F56-E4CE-19E2-B0D0BC90FB0D}"
EndProject
Project("{FAE04EC0-301F-11D3-BF4B-00C04F79EFBC}") = "Unity.PlasticSCM.EditorTests", "Unity.PlasticSCM.EditorTests.csproj", "{34DE500B-A5EC-5C06-D40D-594167427DDD}"
EndProject
Project("{FAE04EC0-301F-11D3-BF4B-00C04F79EFBC}") = "Unity.RenderPipelines.Core.Editor", "Unity.RenderPipelines.Core.Editor.csproj", "{9A7DCAC6-7E2F-799D-A4A1-1ECF1CFD527E}"
EndProject
Project("{FAE04EC0-301F-11D3-BF4B-00C04F79EFBC}") = "Unity.Mathematics.Tests", "Unity.Mathematics.Tests.csproj", "{8CFCEF7B-4EC5-4AAC-FF5D-7B1E8C324B0C}"
EndProject
Project("{FAE04EC0-301F-11D3-BF4B-00C04F79EFBC}") = "Unity.Searcher.Editor", "Unity.Searcher.Editor.csproj", "{9C33A80C-5308-9A23-311A-A01E9759F539}"
EndProject
Project("{FAE04EC0-301F-11D3-BF4B-00C04F79EFBC}") = "Unity.CollabProxy.EditorTests", "Unity.CollabProxy.EditorTests.csproj", "{CA4C5348-289B-47F3-E879-203A48A06112}"
EndProject
Project("{FAE04EC0-301F-11D3-BF4B-00C04F79EFBC}") = "Unity.VSCode.Editor", "Unity.VSCode.Editor.csproj", "{3D2D5F10-93E3-A8DF-BF53-1C1AA8E7DE2B}"
EndProject
Project("{FAE04EC0-301F-11D3-BF4B-00C04F79EFBC}") = "UnityEditor.UI.EditorTests", "UnityEditor.UI.EditorTests.csproj", "{6F7306B3-C24B-82D3-5BB5-ADF96455DA81}"
EndProject
Project("{FAE04EC0-301F-11D3-BF4B-00C04F79EFBC}") = "Unity.ProBuilder.AssetIdRemapUtility", "Unity.ProBuilder.AssetIdRemapUtility.csproj", "{2A1FF810-8334-5077-0A1F-1A2BA9DCE0BF}"
EndProject
Project("{FAE04EC0-301F-11D3-BF4B-00C04F79EFBC}") = "UnityEditor.UI", "UnityEditor.UI.csproj", "{526D3B13-9910-485C-772E-DBB8504DCB97}"
EndProject
Project("{FAE04EC0-301F-11D3-BF4B-00C04F79EFBC}") = "Unity.Settings.Editor", "Unity.Settings.Editor.csproj", "{CD266427-AAE9-4BDA-92FA-A0F744E4823C}"
EndProject
Project("{FAE04EC0-301F-11D3-BF4B-00C04F79EFBC}") = "Unity.Mathematics.Editor", "Unity.Mathematics.Editor.csproj", "{BB38268D-0197-0816-CFD0-77F0F599A61D}"
EndProject
Project("{FAE04EC0-301F-11D3-BF4B-00C04F79EFBC}") = "UnityEditor.CacheServer", "UnityEditor.CacheServer.csproj", "{479080BF-DFEA-2374-561C-5BB86956313F}"
EndProject
Project("{FAE04EC0-301F-11D3-BF4B-00C04F79EFBC}") = "Unity.RenderPipelines.Core.Editor.Tests", "Unity.RenderPipelines.Core.Editor.Tests.csproj", "{282A87D8-A40F-FFC8-590F-85C302561E10}"
EndProject
Project("{FAE04EC0-301F-11D3-BF4B-00C04F79EFBC}") = "Unity.Searcher.EditorTests", "Unity.Searcher.EditorTests.csproj", "{C13DA388-4B58-3638-08F9-0B53FE6E7D7F}"
EndProject
Project("{FAE04EC0-301F-11D3-BF4B-00C04F79EFBC}") = "UnityEditor.CacheServerTests", "UnityEditor.CacheServerTests.csproj", "{44AB05E6-697B-7DA5-668F-3C5355F859EF}"
EndProject
Project("{FAE04EC0-301F-11D3-BF4B-00C04F79EFBC}") = "Unity.Settings.Tests", "Unity.Settings.Tests.csproj", "{889AE466-07E0-9E47-31DD-81774A237AC6}"
EndProject
Project("{FAE04EC0-301F-11D3-BF4B-00C04F79EFBC}") = "Unity.ShaderGraph.Utilities", "Unity.ShaderGraph.Utilities.csproj", "{E6E93246-19CE-7FA3-3B51-8FCE174D695B}"
EndProject
Project("{FAE04EC0-301F-11D3-BF4B-00C04F79EFBC}") = "Unity.Nuget.NewtonsoftJson.EditorTests", "Unity.Nuget.NewtonsoftJson.EditorTests.csproj", "{536397A5-4111-99DC-3AB0-EE5EB7FB2C35}"
EndProject
Project("{FAE04EC0-301F-11D3-BF4B-00C04F79EFBC}") = "Unity.ProBuilder.AddOns.Editor", "Unity.ProBuilder.AddOns.Editor.csproj", "{1AEE1179-4D0E-3772-35D9-DC483C73B741}"
EndProject
Project("{FAE04EC0-301F-11D3-BF4B-00C04F79EFBC}") = "Unity.RenderPipelines.Universal.Editor.Tests", "Unity.RenderPipelines.Universal.Editor.Tests.csproj", "{983354EE-59AA-5594-7C1F-2976BD4F95AC}"
EndProject
Project("{FAE04EC0-301F-11D3-BF4B-00C04F79EFBC}") = "Unity.TextMeshPro.Editor.Tests", "Unity.TextMeshPro.Editor.Tests.csproj", "{4C1AB39A-71D2-989C-00CF-3F978A644355}"
EndProject
Global
	GlobalSection(SolutionConfigurationPlatforms) = preSolution
		Debug|Any CPU = Debug|Any CPU
		Release|Any CPU = Release|Any CPU
	EndGlobalSection
	GlobalSection(ProjectConfigurationPlatforms) = postSolution
		{F66BA705-FE0D-3DDB-6A27-9F0C9D13BD10}.Debug|Any CPU.ActiveCfg = Debug|Any CPU
		{F66BA705-FE0D-3DDB-6A27-9F0C9D13BD10}.Debug|Any CPU.Build.0 = Debug|Any CPU
		{F66BA705-FE0D-3DDB-6A27-9F0C9D13BD10}.Release|Any CPU.ActiveCfg = Release|Any CPU
		{F66BA705-FE0D-3DDB-6A27-9F0C9D13BD10}.Release|Any CPU.Build.0 = Release|Any CPU
		{C0C47460-88A3-63FD-DBFA-8929BF7FD112}.Debug|Any CPU.ActiveCfg = Debug|Any CPU
		{C0C47460-88A3-63FD-DBFA-8929BF7FD112}.Debug|Any CPU.Build.0 = Debug|Any CPU
		{C0C47460-88A3-63FD-DBFA-8929BF7FD112}.Release|Any CPU.ActiveCfg = Release|Any CPU
		{C0C47460-88A3-63FD-DBFA-8929BF7FD112}.Release|Any CPU.Build.0 = Release|Any CPU
		{66DAE7CC-4791-C608-4E8D-824F22473673}.Debug|Any CPU.ActiveCfg = Debug|Any CPU
		{66DAE7CC-4791-C608-4E8D-824F22473673}.Debug|Any CPU.Build.0 = Debug|Any CPU
		{66DAE7CC-4791-C608-4E8D-824F22473673}.Release|Any CPU.ActiveCfg = Release|Any CPU
		{66DAE7CC-4791-C608-4E8D-824F22473673}.Release|Any CPU.Build.0 = Release|Any CPU
		{CE89AF12-596B-42F5-EF2E-62616D4D33B9}.Debug|Any CPU.ActiveCfg = Debug|Any CPU
		{CE89AF12-596B-42F5-EF2E-62616D4D33B9}.Debug|Any CPU.Build.0 = Debug|Any CPU
		{CE89AF12-596B-42F5-EF2E-62616D4D33B9}.Release|Any CPU.ActiveCfg = Release|Any CPU
		{CE89AF12-596B-42F5-EF2E-62616D4D33B9}.Release|Any CPU.Build.0 = Release|Any CPU
		{03114E10-BF32-B64C-FF71-BF299CBCB06B}.Debug|Any CPU.ActiveCfg = Debug|Any CPU
		{03114E10-BF32-B64C-FF71-BF299CBCB06B}.Debug|Any CPU.Build.0 = Debug|Any CPU
		{03114E10-BF32-B64C-FF71-BF299CBCB06B}.Release|Any CPU.ActiveCfg = Release|Any CPU
		{03114E10-BF32-B64C-FF71-BF299CBCB06B}.Release|Any CPU.Build.0 = Release|Any CPU
		{03F45786-8728-ED40-4D59-40D2871D5033}.Debug|Any CPU.ActiveCfg = Debug|Any CPU
		{03F45786-8728-ED40-4D59-40D2871D5033}.Debug|Any CPU.Build.0 = Debug|Any CPU
		{03F45786-8728-ED40-4D59-40D2871D5033}.Release|Any CPU.ActiveCfg = Release|Any CPU
		{03F45786-8728-ED40-4D59-40D2871D5033}.Release|Any CPU.Build.0 = Release|Any CPU
		{B68D1B10-2185-6770-1314-646F54F4CFCB}.Debug|Any CPU.ActiveCfg = Debug|Any CPU
		{B68D1B10-2185-6770-1314-646F54F4CFCB}.Debug|Any CPU.Build.0 = Debug|Any CPU
		{B68D1B10-2185-6770-1314-646F54F4CFCB}.Release|Any CPU.ActiveCfg = Release|Any CPU
		{B68D1B10-2185-6770-1314-646F54F4CFCB}.Release|Any CPU.Build.0 = Release|Any CPU
		{0926FA5B-F3FA-C43A-9F42-A87435B54CBC}.Debug|Any CPU.ActiveCfg = Debug|Any CPU
		{0926FA5B-F3FA-C43A-9F42-A87435B54CBC}.Debug|Any CPU.Build.0 = Debug|Any CPU
		{0926FA5B-F3FA-C43A-9F42-A87435B54CBC}.Release|Any CPU.ActiveCfg = Release|Any CPU
		{0926FA5B-F3FA-C43A-9F42-A87435B54CBC}.Release|Any CPU.Build.0 = Release|Any CPU
		{6E9B916B-80C1-439A-8F1F-C3FB556233CE}.Debug|Any CPU.ActiveCfg = Debug|Any CPU
		{6E9B916B-80C1-439A-8F1F-C3FB556233CE}.Debug|Any CPU.Build.0 = Debug|Any CPU
		{6E9B916B-80C1-439A-8F1F-C3FB556233CE}.Release|Any CPU.ActiveCfg = Release|Any CPU
		{6E9B916B-80C1-439A-8F1F-C3FB556233CE}.Release|Any CPU.Build.0 = Release|Any CPU
		{043DF773-6928-D578-52FB-7FC66BA04AB1}.Debug|Any CPU.ActiveCfg = Debug|Any CPU
		{043DF773-6928-D578-52FB-7FC66BA04AB1}.Debug|Any CPU.Build.0 = Debug|Any CPU
		{043DF773-6928-D578-52FB-7FC66BA04AB1}.Release|Any CPU.ActiveCfg = Release|Any CPU
		{043DF773-6928-D578-52FB-7FC66BA04AB1}.Release|Any CPU.Build.0 = Release|Any CPU
		{09FC2EBC-1E6B-C7A4-3762-B11A1735D4F7}.Debug|Any CPU.ActiveCfg = Debug|Any CPU
		{09FC2EBC-1E6B-C7A4-3762-B11A1735D4F7}.Debug|Any CPU.Build.0 = Debug|Any CPU
		{09FC2EBC-1E6B-C7A4-3762-B11A1735D4F7}.Release|Any CPU.ActiveCfg = Release|Any CPU
		{09FC2EBC-1E6B-C7A4-3762-B11A1735D4F7}.Release|Any CPU.Build.0 = Release|Any CPU
		{356EB721-DADA-02B0-3282-C6C2FDBA1E4F}.Debug|Any CPU.ActiveCfg = Debug|Any CPU
		{356EB721-DADA-02B0-3282-C6C2FDBA1E4F}.Debug|Any CPU.Build.0 = Debug|Any CPU
		{356EB721-DADA-02B0-3282-C6C2FDBA1E4F}.Release|Any CPU.ActiveCfg = Release|Any CPU
		{356EB721-DADA-02B0-3282-C6C2FDBA1E4F}.Release|Any CPU.Build.0 = Release|Any CPU
		{BED678E5-114B-79DE-F177-95E67303DF02}.Debug|Any CPU.ActiveCfg = Debug|Any CPU
		{BED678E5-114B-79DE-F177-95E67303DF02}.Debug|Any CPU.Build.0 = Debug|Any CPU
		{BED678E5-114B-79DE-F177-95E67303DF02}.Release|Any CPU.ActiveCfg = Release|Any CPU
		{BED678E5-114B-79DE-F177-95E67303DF02}.Release|Any CPU.Build.0 = Release|Any CPU
		{76617718-3CAF-32B7-1E70-36AD1D519E57}.Debug|Any CPU.ActiveCfg = Debug|Any CPU
		{76617718-3CAF-32B7-1E70-36AD1D519E57}.Debug|Any CPU.Build.0 = Debug|Any CPU
		{76617718-3CAF-32B7-1E70-36AD1D519E57}.Release|Any CPU.ActiveCfg = Release|Any CPU
		{76617718-3CAF-32B7-1E70-36AD1D519E57}.Release|Any CPU.Build.0 = Release|Any CPU
		{4E0C20CD-25F0-A35C-8320-62E30F0C2B60}.Debug|Any CPU.ActiveCfg = Debug|Any CPU
		{4E0C20CD-25F0-A35C-8320-62E30F0C2B60}.Debug|Any CPU.Build.0 = Debug|Any CPU
		{4E0C20CD-25F0-A35C-8320-62E30F0C2B60}.Release|Any CPU.ActiveCfg = Release|Any CPU
		{4E0C20CD-25F0-A35C-8320-62E30F0C2B60}.Release|Any CPU.Build.0 = Release|Any CPU
		{DB1080B4-476C-18F1-1120-A4E67AE0C3D0}.Debug|Any CPU.ActiveCfg = Debug|Any CPU
		{DB1080B4-476C-18F1-1120-A4E67AE0C3D0}.Debug|Any CPU.Build.0 = Debug|Any CPU
		{DB1080B4-476C-18F1-1120-A4E67AE0C3D0}.Release|Any CPU.ActiveCfg = Release|Any CPU
		{DB1080B4-476C-18F1-1120-A4E67AE0C3D0}.Release|Any CPU.Build.0 = Release|Any CPU
		{4AAE0961-3B4C-2D25-94C0-EEE3CA569FE7}.Debug|Any CPU.ActiveCfg = Debug|Any CPU
		{4AAE0961-3B4C-2D25-94C0-EEE3CA569FE7}.Debug|Any CPU.Build.0 = Debug|Any CPU
		{4AAE0961-3B4C-2D25-94C0-EEE3CA569FE7}.Release|Any CPU.ActiveCfg = Release|Any CPU
		{4AAE0961-3B4C-2D25-94C0-EEE3CA569FE7}.Release|Any CPU.Build.0 = Release|Any CPU
		{DB6AF3DC-073B-FB2B-E2D6-311BA5BDD290}.Debug|Any CPU.ActiveCfg = Debug|Any CPU
		{DB6AF3DC-073B-FB2B-E2D6-311BA5BDD290}.Debug|Any CPU.Build.0 = Debug|Any CPU
		{DB6AF3DC-073B-FB2B-E2D6-311BA5BDD290}.Release|Any CPU.ActiveCfg = Release|Any CPU
		{DB6AF3DC-073B-FB2B-E2D6-311BA5BDD290}.Release|Any CPU.Build.0 = Release|Any CPU
		{BEDC829F-0D7C-8B29-174A-6C60665C537E}.Debug|Any CPU.ActiveCfg = Debug|Any CPU
		{BEDC829F-0D7C-8B29-174A-6C60665C537E}.Debug|Any CPU.Build.0 = Debug|Any CPU
		{BEDC829F-0D7C-8B29-174A-6C60665C537E}.Release|Any CPU.ActiveCfg = Release|Any CPU
		{BEDC829F-0D7C-8B29-174A-6C60665C537E}.Release|Any CPU.Build.0 = Release|Any CPU
		{CE356B96-32E7-ECC1-CBD8-6D1804A10737}.Debug|Any CPU.ActiveCfg = Debug|Any CPU
		{CE356B96-32E7-ECC1-CBD8-6D1804A10737}.Debug|Any CPU.Build.0 = Debug|Any CPU
		{CE356B96-32E7-ECC1-CBD8-6D1804A10737}.Release|Any CPU.ActiveCfg = Release|Any CPU
		{CE356B96-32E7-ECC1-CBD8-6D1804A10737}.Release|Any CPU.Build.0 = Release|Any CPU
		{7A1A0946-37D2-6A86-D25B-4AF2ADEBD9BE}.Debug|Any CPU.ActiveCfg = Debug|Any CPU
		{7A1A0946-37D2-6A86-D25B-4AF2ADEBD9BE}.Debug|Any CPU.Build.0 = Debug|Any CPU
		{7A1A0946-37D2-6A86-D25B-4AF2ADEBD9BE}.Release|Any CPU.ActiveCfg = Release|Any CPU
		{7A1A0946-37D2-6A86-D25B-4AF2ADEBD9BE}.Release|Any CPU.Build.0 = Release|Any CPU
		{E82DD0FA-E567-07A2-1530-C54A91EDDE86}.Debug|Any CPU.ActiveCfg = Debug|Any CPU
		{E82DD0FA-E567-07A2-1530-C54A91EDDE86}.Debug|Any CPU.Build.0 = Debug|Any CPU
		{E82DD0FA-E567-07A2-1530-C54A91EDDE86}.Release|Any CPU.ActiveCfg = Release|Any CPU
		{E82DD0FA-E567-07A2-1530-C54A91EDDE86}.Release|Any CPU.Build.0 = Release|Any CPU
		{EADC7F7C-0277-3CA0-9CAB-90F557387FC5}.Debug|Any CPU.ActiveCfg = Debug|Any CPU
		{EADC7F7C-0277-3CA0-9CAB-90F557387FC5}.Debug|Any CPU.Build.0 = Debug|Any CPU
		{EADC7F7C-0277-3CA0-9CAB-90F557387FC5}.Release|Any CPU.ActiveCfg = Release|Any CPU
		{EADC7F7C-0277-3CA0-9CAB-90F557387FC5}.Release|Any CPU.Build.0 = Release|Any CPU
		{BFE22820-D940-675A-A7FD-86836B4B6041}.Debug|Any CPU.ActiveCfg = Debug|Any CPU
		{BFE22820-D940-675A-A7FD-86836B4B6041}.Debug|Any CPU.Build.0 = Debug|Any CPU
		{BFE22820-D940-675A-A7FD-86836B4B6041}.Release|Any CPU.ActiveCfg = Release|Any CPU
		{BFE22820-D940-675A-A7FD-86836B4B6041}.Release|Any CPU.Build.0 = Release|Any CPU
		{149DF11D-B309-18C6-C440-C408D2BDF927}.Debug|Any CPU.ActiveCfg = Debug|Any CPU
		{149DF11D-B309-18C6-C440-C408D2BDF927}.Debug|Any CPU.Build.0 = Debug|Any CPU
		{149DF11D-B309-18C6-C440-C408D2BDF927}.Release|Any CPU.ActiveCfg = Release|Any CPU
		{149DF11D-B309-18C6-C440-C408D2BDF927}.Release|Any CPU.Build.0 = Release|Any CPU
		{060A7201-F182-D452-F3C8-88887C481195}.Debug|Any CPU.ActiveCfg = Debug|Any CPU
		{060A7201-F182-D452-F3C8-88887C481195}.Debug|Any CPU.Build.0 = Debug|Any CPU
		{060A7201-F182-D452-F3C8-88887C481195}.Release|Any CPU.ActiveCfg = Release|Any CPU
		{060A7201-F182-D452-F3C8-88887C481195}.Release|Any CPU.Build.0 = Release|Any CPU
		{B5C51801-B3B4-7768-489C-A17ED43C366B}.Debug|Any CPU.ActiveCfg = Debug|Any CPU
		{B5C51801-B3B4-7768-489C-A17ED43C366B}.Debug|Any CPU.Build.0 = Debug|Any CPU
		{B5C51801-B3B4-7768-489C-A17ED43C366B}.Release|Any CPU.ActiveCfg = Release|Any CPU
		{B5C51801-B3B4-7768-489C-A17ED43C366B}.Release|Any CPU.Build.0 = Release|Any CPU
		{217ADD3D-68A1-F79A-A67D-03FC66D4DC5C}.Debug|Any CPU.ActiveCfg = Debug|Any CPU
		{217ADD3D-68A1-F79A-A67D-03FC66D4DC5C}.Debug|Any CPU.Build.0 = Debug|Any CPU
		{217ADD3D-68A1-F79A-A67D-03FC66D4DC5C}.Release|Any CPU.ActiveCfg = Release|Any CPU
		{217ADD3D-68A1-F79A-A67D-03FC66D4DC5C}.Release|Any CPU.Build.0 = Release|Any CPU
		{08DCDFA3-2959-A5BF-37E3-F173C6897278}.Debug|Any CPU.ActiveCfg = Debug|Any CPU
		{08DCDFA3-2959-A5BF-37E3-F173C6897278}.Debug|Any CPU.Build.0 = Debug|Any CPU
		{08DCDFA3-2959-A5BF-37E3-F173C6897278}.Release|Any CPU.ActiveCfg = Release|Any CPU
		{08DCDFA3-2959-A5BF-37E3-F173C6897278}.Release|Any CPU.Build.0 = Release|Any CPU
		{668C03C1-2B8F-40D5-7441-0CFD1CB6B3B3}.Debug|Any CPU.ActiveCfg = Debug|Any CPU
		{668C03C1-2B8F-40D5-7441-0CFD1CB6B3B3}.Debug|Any CPU.Build.0 = Debug|Any CPU
		{668C03C1-2B8F-40D5-7441-0CFD1CB6B3B3}.Release|Any CPU.ActiveCfg = Release|Any CPU
		{668C03C1-2B8F-40D5-7441-0CFD1CB6B3B3}.Release|Any CPU.Build.0 = Release|Any CPU
		{2D136828-A504-4F65-3EA9-316A4DDBED19}.Debug|Any CPU.ActiveCfg = Debug|Any CPU
		{2D136828-A504-4F65-3EA9-316A4DDBED19}.Debug|Any CPU.Build.0 = Debug|Any CPU
		{2D136828-A504-4F65-3EA9-316A4DDBED19}.Release|Any CPU.ActiveCfg = Release|Any CPU
		{2D136828-A504-4F65-3EA9-316A4DDBED19}.Release|Any CPU.Build.0 = Release|Any CPU
		{C1B34731-69A6-3FF6-CED3-E252976CBC50}.Debug|Any CPU.ActiveCfg = Debug|Any CPU
		{C1B34731-69A6-3FF6-CED3-E252976CBC50}.Debug|Any CPU.Build.0 = Debug|Any CPU
		{C1B34731-69A6-3FF6-CED3-E252976CBC50}.Release|Any CPU.ActiveCfg = Release|Any CPU
		{C1B34731-69A6-3FF6-CED3-E252976CBC50}.Release|Any CPU.Build.0 = Release|Any CPU
		{69DFCAAF-D832-2EB9-F52D-EAE18AAFEF80}.Debug|Any CPU.ActiveCfg = Debug|Any CPU
		{69DFCAAF-D832-2EB9-F52D-EAE18AAFEF80}.Debug|Any CPU.Build.0 = Debug|Any CPU
		{69DFCAAF-D832-2EB9-F52D-EAE18AAFEF80}.Release|Any CPU.ActiveCfg = Release|Any CPU
		{69DFCAAF-D832-2EB9-F52D-EAE18AAFEF80}.Release|Any CPU.Build.0 = Release|Any CPU
		{68CB51E6-2AE3-B98C-24DF-AB123726A58F}.Debug|Any CPU.ActiveCfg = Debug|Any CPU
		{68CB51E6-2AE3-B98C-24DF-AB123726A58F}.Debug|Any CPU.Build.0 = Debug|Any CPU
		{68CB51E6-2AE3-B98C-24DF-AB123726A58F}.Release|Any CPU.ActiveCfg = Release|Any CPU
		{68CB51E6-2AE3-B98C-24DF-AB123726A58F}.Release|Any CPU.Build.0 = Release|Any CPU
		{7EA540EC-8F28-5997-04C8-2BEC1537ABDB}.Debug|Any CPU.ActiveCfg = Debug|Any CPU
		{7EA540EC-8F28-5997-04C8-2BEC1537ABDB}.Debug|Any CPU.Build.0 = Debug|Any CPU
		{7EA540EC-8F28-5997-04C8-2BEC1537ABDB}.Release|Any CPU.ActiveCfg = Release|Any CPU
		{7EA540EC-8F28-5997-04C8-2BEC1537ABDB}.Release|Any CPU.Build.0 = Release|Any CPU
		{EBD94C04-ADF4-0DA4-88FB-DAD05480DBCD}.Debug|Any CPU.ActiveCfg = Debug|Any CPU
		{EBD94C04-ADF4-0DA4-88FB-DAD05480DBCD}.Debug|Any CPU.Build.0 = Debug|Any CPU
		{EBD94C04-ADF4-0DA4-88FB-DAD05480DBCD}.Release|Any CPU.ActiveCfg = Release|Any CPU
		{EBD94C04-ADF4-0DA4-88FB-DAD05480DBCD}.Release|Any CPU.Build.0 = Release|Any CPU
		{080FA9CA-B287-8BF3-D54F-264C039ACA4D}.Debug|Any CPU.ActiveCfg = Debug|Any CPU
		{080FA9CA-B287-8BF3-D54F-264C039ACA4D}.Debug|Any CPU.Build.0 = Debug|Any CPU
		{080FA9CA-B287-8BF3-D54F-264C039ACA4D}.Release|Any CPU.ActiveCfg = Release|Any CPU
		{080FA9CA-B287-8BF3-D54F-264C039ACA4D}.Release|Any CPU.Build.0 = Release|Any CPU
		{B4832682-1F56-E4CE-19E2-B0D0BC90FB0D}.Debug|Any CPU.ActiveCfg = Debug|Any CPU
		{B4832682-1F56-E4CE-19E2-B0D0BC90FB0D}.Debug|Any CPU.Build.0 = Debug|Any CPU
		{B4832682-1F56-E4CE-19E2-B0D0BC90FB0D}.Release|Any CPU.ActiveCfg = Release|Any CPU
		{B4832682-1F56-E4CE-19E2-B0D0BC90FB0D}.Release|Any CPU.Build.0 = Release|Any CPU
		{34DE500B-A5EC-5C06-D40D-594167427DDD}.Debug|Any CPU.ActiveCfg = Debug|Any CPU
		{34DE500B-A5EC-5C06-D40D-594167427DDD}.Debug|Any CPU.Build.0 = Debug|Any CPU
		{34DE500B-A5EC-5C06-D40D-594167427DDD}.Release|Any CPU.ActiveCfg = Release|Any CPU
		{34DE500B-A5EC-5C06-D40D-594167427DDD}.Release|Any CPU.Build.0 = Release|Any CPU
		{9A7DCAC6-7E2F-799D-A4A1-1ECF1CFD527E}.Debug|Any CPU.ActiveCfg = Debug|Any CPU
		{9A7DCAC6-7E2F-799D-A4A1-1ECF1CFD527E}.Debug|Any CPU.Build.0 = Debug|Any CPU
		{9A7DCAC6-7E2F-799D-A4A1-1ECF1CFD527E}.Release|Any CPU.ActiveCfg = Release|Any CPU
		{9A7DCAC6-7E2F-799D-A4A1-1ECF1CFD527E}.Release|Any CPU.Build.0 = Release|Any CPU
		{8CFCEF7B-4EC5-4AAC-FF5D-7B1E8C324B0C}.Debug|Any CPU.ActiveCfg = Debug|Any CPU
		{8CFCEF7B-4EC5-4AAC-FF5D-7B1E8C324B0C}.Debug|Any CPU.Build.0 = Debug|Any CPU
		{8CFCEF7B-4EC5-4AAC-FF5D-7B1E8C324B0C}.Release|Any CPU.ActiveCfg = Release|Any CPU
		{8CFCEF7B-4EC5-4AAC-FF5D-7B1E8C324B0C}.Release|Any CPU.Build.0 = Release|Any CPU
		{9C33A80C-5308-9A23-311A-A01E9759F539}.Debug|Any CPU.ActiveCfg = Debug|Any CPU
		{9C33A80C-5308-9A23-311A-A01E9759F539}.Debug|Any CPU.Build.0 = Debug|Any CPU
		{9C33A80C-5308-9A23-311A-A01E9759F539}.Release|Any CPU.ActiveCfg = Release|Any CPU
		{9C33A80C-5308-9A23-311A-A01E9759F539}.Release|Any CPU.Build.0 = Release|Any CPU
		{CA4C5348-289B-47F3-E879-203A48A06112}.Debug|Any CPU.ActiveCfg = Debug|Any CPU
		{CA4C5348-289B-47F3-E879-203A48A06112}.Debug|Any CPU.Build.0 = Debug|Any CPU
		{CA4C5348-289B-47F3-E879-203A48A06112}.Release|Any CPU.ActiveCfg = Release|Any CPU
		{CA4C5348-289B-47F3-E879-203A48A06112}.Release|Any CPU.Build.0 = Release|Any CPU
		{3D2D5F10-93E3-A8DF-BF53-1C1AA8E7DE2B}.Debug|Any CPU.ActiveCfg = Debug|Any CPU
		{3D2D5F10-93E3-A8DF-BF53-1C1AA8E7DE2B}.Debug|Any CPU.Build.0 = Debug|Any CPU
		{3D2D5F10-93E3-A8DF-BF53-1C1AA8E7DE2B}.Release|Any CPU.ActiveCfg = Release|Any CPU
		{3D2D5F10-93E3-A8DF-BF53-1C1AA8E7DE2B}.Release|Any CPU.Build.0 = Release|Any CPU
		{6F7306B3-C24B-82D3-5BB5-ADF96455DA81}.Debug|Any CPU.ActiveCfg = Debug|Any CPU
		{6F7306B3-C24B-82D3-5BB5-ADF96455DA81}.Debug|Any CPU.Build.0 = Debug|Any CPU
		{6F7306B3-C24B-82D3-5BB5-ADF96455DA81}.Release|Any CPU.ActiveCfg = Release|Any CPU
		{6F7306B3-C24B-82D3-5BB5-ADF96455DA81}.Release|Any CPU.Build.0 = Release|Any CPU
		{2A1FF810-8334-5077-0A1F-1A2BA9DCE0BF}.Debug|Any CPU.ActiveCfg = Debug|Any CPU
		{2A1FF810-8334-5077-0A1F-1A2BA9DCE0BF}.Debug|Any CPU.Build.0 = Debug|Any CPU
		{2A1FF810-8334-5077-0A1F-1A2BA9DCE0BF}.Release|Any CPU.ActiveCfg = Release|Any CPU
		{2A1FF810-8334-5077-0A1F-1A2BA9DCE0BF}.Release|Any CPU.Build.0 = Release|Any CPU
		{526D3B13-9910-485C-772E-DBB8504DCB97}.Debug|Any CPU.ActiveCfg = Debug|Any CPU
		{526D3B13-9910-485C-772E-DBB8504DCB97}.Debug|Any CPU.Build.0 = Debug|Any CPU
		{526D3B13-9910-485C-772E-DBB8504DCB97}.Release|Any CPU.ActiveCfg = Release|Any CPU
		{526D3B13-9910-485C-772E-DBB8504DCB97}.Release|Any CPU.Build.0 = Release|Any CPU
		{CD266427-AAE9-4BDA-92FA-A0F744E4823C}.Debug|Any CPU.ActiveCfg = Debug|Any CPU
		{CD266427-AAE9-4BDA-92FA-A0F744E4823C}.Debug|Any CPU.Build.0 = Debug|Any CPU
		{CD266427-AAE9-4BDA-92FA-A0F744E4823C}.Release|Any CPU.ActiveCfg = Release|Any CPU
		{CD266427-AAE9-4BDA-92FA-A0F744E4823C}.Release|Any CPU.Build.0 = Release|Any CPU
		{BB38268D-0197-0816-CFD0-77F0F599A61D}.Debug|Any CPU.ActiveCfg = Debug|Any CPU
		{BB38268D-0197-0816-CFD0-77F0F599A61D}.Debug|Any CPU.Build.0 = Debug|Any CPU
		{BB38268D-0197-0816-CFD0-77F0F599A61D}.Release|Any CPU.ActiveCfg = Release|Any CPU
		{BB38268D-0197-0816-CFD0-77F0F599A61D}.Release|Any CPU.Build.0 = Release|Any CPU
		{479080BF-DFEA-2374-561C-5BB86956313F}.Debug|Any CPU.ActiveCfg = Debug|Any CPU
		{479080BF-DFEA-2374-561C-5BB86956313F}.Debug|Any CPU.Build.0 = Debug|Any CPU
		{479080BF-DFEA-2374-561C-5BB86956313F}.Release|Any CPU.ActiveCfg = Release|Any CPU
		{479080BF-DFEA-2374-561C-5BB86956313F}.Release|Any CPU.Build.0 = Release|Any CPU
		{282A87D8-A40F-FFC8-590F-85C302561E10}.Debug|Any CPU.ActiveCfg = Debug|Any CPU
		{282A87D8-A40F-FFC8-590F-85C302561E10}.Debug|Any CPU.Build.0 = Debug|Any CPU
		{282A87D8-A40F-FFC8-590F-85C302561E10}.Release|Any CPU.ActiveCfg = Release|Any CPU
		{282A87D8-A40F-FFC8-590F-85C302561E10}.Release|Any CPU.Build.0 = Release|Any CPU
		{C13DA388-4B58-3638-08F9-0B53FE6E7D7F}.Debug|Any CPU.ActiveCfg = Debug|Any CPU
		{C13DA388-4B58-3638-08F9-0B53FE6E7D7F}.Debug|Any CPU.Build.0 = Debug|Any CPU
		{C13DA388-4B58-3638-08F9-0B53FE6E7D7F}.Release|Any CPU.ActiveCfg = Release|Any CPU
		{C13DA388-4B58-3638-08F9-0B53FE6E7D7F}.Release|Any CPU.Build.0 = Release|Any CPU
		{44AB05E6-697B-7DA5-668F-3C5355F859EF}.Debug|Any CPU.ActiveCfg = Debug|Any CPU
		{44AB05E6-697B-7DA5-668F-3C5355F859EF}.Debug|Any CPU.Build.0 = Debug|Any CPU
		{44AB05E6-697B-7DA5-668F-3C5355F859EF}.Release|Any CPU.ActiveCfg = Release|Any CPU
		{44AB05E6-697B-7DA5-668F-3C5355F859EF}.Release|Any CPU.Build.0 = Release|Any CPU
		{889AE466-07E0-9E47-31DD-81774A237AC6}.Debug|Any CPU.ActiveCfg = Debug|Any CPU
		{889AE466-07E0-9E47-31DD-81774A237AC6}.Debug|Any CPU.Build.0 = Debug|Any CPU
		{889AE466-07E0-9E47-31DD-81774A237AC6}.Release|Any CPU.ActiveCfg = Release|Any CPU
		{889AE466-07E0-9E47-31DD-81774A237AC6}.Release|Any CPU.Build.0 = Release|Any CPU
		{E6E93246-19CE-7FA3-3B51-8FCE174D695B}.Debug|Any CPU.ActiveCfg = Debug|Any CPU
		{E6E93246-19CE-7FA3-3B51-8FCE174D695B}.Debug|Any CPU.Build.0 = Debug|Any CPU
		{E6E93246-19CE-7FA3-3B51-8FCE174D695B}.Release|Any CPU.ActiveCfg = Release|Any CPU
		{E6E93246-19CE-7FA3-3B51-8FCE174D695B}.Release|Any CPU.Build.0 = Release|Any CPU
		{536397A5-4111-99DC-3AB0-EE5EB7FB2C35}.Debug|Any CPU.ActiveCfg = Debug|Any CPU
		{536397A5-4111-99DC-3AB0-EE5EB7FB2C35}.Debug|Any CPU.Build.0 = Debug|Any CPU
		{536397A5-4111-99DC-3AB0-EE5EB7FB2C35}.Release|Any CPU.ActiveCfg = Release|Any CPU
		{536397A5-4111-99DC-3AB0-EE5EB7FB2C35}.Release|Any CPU.Build.0 = Release|Any CPU
		{1AEE1179-4D0E-3772-35D9-DC483C73B741}.Debug|Any CPU.ActiveCfg = Debug|Any CPU
		{1AEE1179-4D0E-3772-35D9-DC483C73B741}.Debug|Any CPU.Build.0 = Debug|Any CPU
		{1AEE1179-4D0E-3772-35D9-DC483C73B741}.Release|Any CPU.ActiveCfg = Release|Any CPU
		{1AEE1179-4D0E-3772-35D9-DC483C73B741}.Release|Any CPU.Build.0 = Release|Any CPU
		{983354EE-59AA-5594-7C1F-2976BD4F95AC}.Debug|Any CPU.ActiveCfg = Debug|Any CPU
		{983354EE-59AA-5594-7C1F-2976BD4F95AC}.Debug|Any CPU.Build.0 = Debug|Any CPU
		{983354EE-59AA-5594-7C1F-2976BD4F95AC}.Release|Any CPU.ActiveCfg = Release|Any CPU
		{983354EE-59AA-5594-7C1F-2976BD4F95AC}.Release|Any CPU.Build.0 = Release|Any CPU
		{4C1AB39A-71D2-989C-00CF-3F978A644355}.Debug|Any CPU.ActiveCfg = Debug|Any CPU
		{4C1AB39A-71D2-989C-00CF-3F978A644355}.Debug|Any CPU.Build.0 = Debug|Any CPU
		{4C1AB39A-71D2-989C-00CF-3F978A644355}.Release|Any CPU.ActiveCfg = Release|Any CPU
		{4C1AB39A-71D2-989C-00CF-3F978A644355}.Release|Any CPU.Build.0 = Release|Any CPU
	EndGlobalSection
	GlobalSection(SolutionProperties) = preSolution
		HideSolutionNode = FALSE
	EndGlobalSection
EndGlobal
